
Microsoft Visual Studio Solution File, Format Version 12.00
# Visual Studio 15
VisualStudioVersion = 15.0.28307.271
MinimumVisualStudioVersion = 10.0.40219.1
Project("{FAE04EC0-301F-11D3-BF4B-00C04F79EFBC}") = "HttpServer", "HttpServer\HttpServer.csproj", "{39A448B5-0CE8-4E87-BB04-A51A22B140F9}"
EndProject
Global
	GlobalSection(SolutionConfigurationPlatforms) = preSolution
		Debug|Any CPU = Debug|Any CPU
		Release|Any CPU = Release|Any CPU
	EndGlobalSection
	GlobalSection(ProjectConfigurationPlatforms) = postSolution
		{39A448B5-0CE8-4E87-BB04-A51A22B140F9}.Debug|Any CPU.ActiveCfg = Debug|Any CPU
		{39A448B5-0CE8-4E87-BB04-A51A22B140F9}.Debug|Any CPU.Build.0 = Debug|Any CPU
		{39A448B5-0CE8-4E87-BB04-A51A22B140F9}.Release|Any CPU.ActiveCfg = Release|Any CPU
		{39A448B5-0CE8-4E87-BB04-A51A22B140F9}.Release|Any CPU.Build.0 = Release|Any CPU
	EndGlobalSection
	GlobalSection(SolutionProperties) = preSolution
		HideSolutionNode = FALSE
	EndGlobalSection
	GlobalSection(ExtensibilityGlobals) = postSolution
		SolutionGuid = {D4DBF00D-1A27-492C-B4DD-C1A10DA2C3C6}
	EndGlobalSection
EndGlobal
